{
    "version": 3,
    "terraform_version": "0.11.13",
    "serial": 10,
    "lineage": "0115ce1c-3f0d-d475-d91d-919cacc698fa",
    "modules": [
        {
            "path": [
                "root"
            ],
            "outputs": {
                "Bucket Name": {
                    "sensitive": false,
                    "type": "string",
                    "value": "la-terraform-41182"
                },
                "Public Instance IDs": {
                    "sensitive": false,
                    "type": "string",
                    "value": "i-0b57ad5dfbaa7e456, i-01244609017123850"
                },
                "Public Instance IPs": {
                    "sensitive": false,
                    "type": "string",
                    "value": "54.80.109.24, 3.231.146.173"
                },
                "Public Security Group": {
                    "sensitive": false,
                    "type": "string",
                    "value": "sg-092cdd66369678f87"
                },
                "Public Subnets": {
                    "sensitive": false,
                    "type": "string",
                    "value": "subnet-08fd662fdb91bc174, subnet-00319abd1d464666a"
                },
                "Subnet IPs": {
                    "sensitive": false,
                    "type": "string",
                    "value": "10.123.1.0/24, 10.123.2.0/24"
                }
            },
            "resources": {},
            "depends_on": []
        },
        {
            "path": [
                "root",
                "compute"
            ],
            "outputs": {
                "server_id": {
                    "sensitive": false,
                    "type": "string",
                    "value": "i-0b57ad5dfbaa7e456, i-01244609017123850"
                },
                "server_ip": {
                    "sensitive": false,
                    "type": "string",
                    "value": "54.80.109.24, 3.231.146.173"
                }
            },
            "resources": {
                "aws_instance.tf_server.0": {
                    "type": "aws_instance",
                    "depends_on": [
                        "aws_key_pair.tf_auth",
                        "data.aws_ami.server_ami",
                        "data.template_file.user-init.*"
                    ],
                    "primary": {
                        "id": "i-0b57ad5dfbaa7e456",
                        "attributes": {
                            "ami": "ami-0e9089763828757e1",
                            "arn": "arn:aws:ec2:us-east-1:962326829388:instance/i-0b57ad5dfbaa7e456",
                            "associate_public_ip_address": "true",
                            "availability_zone": "us-east-1a",
                            "cpu_core_count": "1",
                            "cpu_threads_per_core": "1",
                            "credit_specification.#": "1",
                            "credit_specification.0.cpu_credits": "standard",
                            "disable_api_termination": "false",
                            "ebs_block_device.#": "0",
                            "ebs_optimized": "false",
                            "ephemeral_block_device.#": "0",
                            "get_password_data": "false",
                            "hibernation": "false",
                            "iam_instance_profile": "",
                            "id": "i-0b57ad5dfbaa7e456",
                            "instance_state": "running",
                            "instance_type": "t2.micro",
                            "ipv6_address_count": "0",
                            "ipv6_addresses.#": "0",
                            "key_name": "tf_key",
                            "metadata_options.#": "1",
                            "metadata_options.0.http_endpoint": "enabled",
                            "metadata_options.0.http_put_response_hop_limit": "1",
                            "metadata_options.0.http_tokens": "optional",
                            "monitoring": "false",
                            "network_interface.#": "0",
                            "outpost_arn": "",
                            "password_data": "",
                            "placement_group": "",
                            "primary_network_interface_id": "eni-036be3debfd974e46",
                            "private_dns": "ip-10-123-1-58.ec2.internal",
                            "private_ip": "10.123.1.58",
                            "public_dns": "ec2-54-80-109-24.compute-1.amazonaws.com",
                            "public_ip": "54.80.109.24",
                            "root_block_device.#": "1",
                            "root_block_device.0.delete_on_termination": "true",
                            "root_block_device.0.device_name": "/dev/xvda",
                            "root_block_device.0.encrypted": "true",
                            "root_block_device.0.iops": "100",
                            "root_block_device.0.kms_key_id": "arn:aws:kms:us-east-1:962326829388:key/2f97ecb4-0f8f-40e4-b1d4-2685c9a3798d",
                            "root_block_device.0.volume_id": "vol-0c69ca9346add5f58",
                            "root_block_device.0.volume_size": "8",
                            "root_block_device.0.volume_type": "gp2",
                            "security_groups.#": "0",
                            "source_dest_check": "true",
                            "subnet_id": "subnet-08fd662fdb91bc174",
                            "tags.%": "1",
                            "tags.Name": "tf_server-1",
                            "tenancy": "default",
                            "user_data": "4d031f4be2f7b20fd6285ae90716acd5d9837d90",
                            "volume_tags.%": "0",
                            "vpc_security_group_ids.#": "1",
                            "vpc_security_group_ids.1608621350": "sg-092cdd66369678f87"
                        },
                        "meta": {
                            "e2bfb730-ecaa-11e6-8f88-34363bc7c4c0": {
                                "create": 600000000000,
                                "delete": 1200000000000,
                                "update": 600000000000
                            },
                            "schema_version": "1"
                        },
                        "tainted": false
                    },
                    "deposed": [],
                    "provider": "provider.aws"
                },
                "aws_instance.tf_server.1": {
                    "type": "aws_instance",
                    "depends_on": [
                        "aws_key_pair.tf_auth",
                        "data.aws_ami.server_ami",
                        "data.template_file.user-init.*"
                    ],
                    "primary": {
                        "id": "i-01244609017123850",
                        "attributes": {
                            "ami": "ami-0e9089763828757e1",
                            "arn": "arn:aws:ec2:us-east-1:962326829388:instance/i-01244609017123850",
                            "associate_public_ip_address": "true",
                            "availability_zone": "us-east-1b",
                            "cpu_core_count": "1",
                            "cpu_threads_per_core": "1",
                            "credit_specification.#": "1",
                            "credit_specification.0.cpu_credits": "standard",
                            "disable_api_termination": "false",
                            "ebs_block_device.#": "0",
                            "ebs_optimized": "false",
                            "ephemeral_block_device.#": "0",
                            "get_password_data": "false",
                            "hibernation": "false",
                            "iam_instance_profile": "",
                            "id": "i-01244609017123850",
                            "instance_state": "running",
                            "instance_type": "t2.micro",
                            "ipv6_address_count": "0",
                            "ipv6_addresses.#": "0",
                            "key_name": "tf_key",
                            "metadata_options.#": "1",
                            "metadata_options.0.http_endpoint": "enabled",
                            "metadata_options.0.http_put_response_hop_limit": "1",
                            "metadata_options.0.http_tokens": "optional",
                            "monitoring": "false",
                            "network_interface.#": "0",
                            "outpost_arn": "",
                            "password_data": "",
                            "placement_group": "",
                            "primary_network_interface_id": "eni-0d2c9157d77d11e01",
                            "private_dns": "ip-10-123-2-188.ec2.internal",
                            "private_ip": "10.123.2.188",
                            "public_dns": "ec2-3-231-146-173.compute-1.amazonaws.com",
                            "public_ip": "3.231.146.173",
                            "root_block_device.#": "1",
                            "root_block_device.0.delete_on_termination": "true",
                            "root_block_device.0.device_name": "/dev/xvda",
                            "root_block_device.0.encrypted": "true",
                            "root_block_device.0.iops": "100",
                            "root_block_device.0.kms_key_id": "arn:aws:kms:us-east-1:962326829388:key/2f97ecb4-0f8f-40e4-b1d4-2685c9a3798d",
                            "root_block_device.0.volume_id": "vol-0ea52691907590f22",
                            "root_block_device.0.volume_size": "8",
                            "root_block_device.0.volume_type": "gp2",
                            "security_groups.#": "0",
                            "source_dest_check": "true",
                            "subnet_id": "subnet-00319abd1d464666a",
                            "tags.%": "1",
                            "tags.Name": "tf_server-2",
                            "tenancy": "default",
                            "user_data": "0945ee29d4816f179fd171a64b2c766e51cbc8b5",
                            "volume_tags.%": "0",
                            "vpc_security_group_ids.#": "1",
                            "vpc_security_group_ids.1608621350": "sg-092cdd66369678f87"
                        },
                        "meta": {
                            "e2bfb730-ecaa-11e6-8f88-34363bc7c4c0": {
                                "create": 600000000000,
                                "delete": 1200000000000,
                                "update": 600000000000
                            },
                            "schema_version": "1"
                        },
                        "tainted": false
                    },
                    "deposed": [],
                    "provider": "provider.aws"
                },
                "aws_key_pair.tf_auth": {
                    "type": "aws_key_pair",
                    "depends_on": [],
                    "primary": {
                        "id": "tf_key",
                        "attributes": {
                            "arn": "arn:aws:ec2:us-east-1:962326829388:key-pair/tf_key",
                            "fingerprint": "cb:2f:75:62:02:a2:2e:48:7e:2e:a9:9b:38:41:6e:e4",
                            "id": "tf_key",
                            "key_name": "tf_key",
                            "key_pair_id": "key-0e727154f0a58d875",
                            "public_key": "ssh-rsa AAAAB3NzaC1yc2EAAAADAQABAAABAQCrb//GWyglwBR7UqBKlbh0iM0TGZk1fOFEWNdLqTtYy9Jf3jK+X8Dwe274BDwPlGVYFzDp3YIdSNYo1FAGF2Ujmwt7zORyf/EULtAXunTe0lCO85bRR+VWDKKRxuLDFCc8HdUiZEM2FSEE9jcqMe1hArtsFNd94hGOX5ypoeAvsalK9F8LoalVwWWrTnbmKPjM6eRsnS5lgHIQSlFbK+pwxa+8b8r6jKjmvi4z0dJJMThmY4xaZXkOaS3sfuHOLFg0C0Yn9J32oRupajIgySqWwSgVSX+YuxSU0XTUvySVopA8Dq/EopQl8J8PgzrWwmXSe0T71EYmsOdJBzLAwGjx root@terraform",
                            "tags.%": "0"
                        },
                        "meta": {
                            "schema_version": "1"
                        },
                        "tainted": false
                    },
                    "deposed": [],
                    "provider": "provider.aws"
                },
                "data.aws_ami.server_ami": {
                    "type": "aws_ami",
                    "depends_on": [],
                    "primary": {
                        "id": "ami-0e9089763828757e1",
                        "attributes": {
                            "architecture": "x86_64",
                            "arn": "arn:aws:ec2:us-east-1::image/ami-0e9089763828757e1",
                            "block_device_mappings.#": "1",
                            "block_device_mappings.340275815.device_name": "/dev/xvda",
                            "block_device_mappings.340275815.ebs.%": "6",
                            "block_device_mappings.340275815.ebs.delete_on_termination": "true",
                            "block_device_mappings.340275815.ebs.encrypted": "false",
                            "block_device_mappings.340275815.ebs.iops": "0",
                            "block_device_mappings.340275815.ebs.snapshot_id": "snap-057747b7c71b91aa8",
                            "block_device_mappings.340275815.ebs.volume_size": "8",
                            "block_device_mappings.340275815.ebs.volume_type": "gp2",
                            "block_device_mappings.340275815.no_device": "",
                            "block_device_mappings.340275815.virtual_name": "",
                            "creation_date": "2020-06-16T06:29:09.000Z",
                            "description": "Amazon Linux AMI 2018.03.0.20200602.1 x86_64 HVM gp2",
                            "filter.#": "1",
                            "filter.2898439165.name": "name",
                            "filter.2898439165.values.#": "1",
                            "filter.2898439165.values.0": "amzn-ami-hvm*-x86_64-gp2",
                            "hypervisor": "xen",
                            "id": "ami-0e9089763828757e1",
                            "image_id": "ami-0e9089763828757e1",
                            "image_location": "amazon/amzn-ami-hvm-2018.03.0.20200602.1-x86_64-gp2",
                            "image_owner_alias": "amazon",
                            "image_type": "machine",
                            "most_recent": "true",
                            "name": "amzn-ami-hvm-2018.03.0.20200602.1-x86_64-gp2",
                            "owner_id": "137112412989",
                            "owners.#": "1",
                            "owners.0": "amazon",
                            "product_codes.#": "0",
                            "public": "true",
                            "root_device_name": "/dev/xvda",
                            "root_device_type": "ebs",
                            "root_snapshot_id": "snap-057747b7c71b91aa8",
                            "sriov_net_support": "simple",
                            "state": "available",
                            "state_reason.%": "2",
                            "state_reason.code": "UNSET",
                            "state_reason.message": "UNSET",
                            "tags.%": "0",
                            "virtualization_type": "hvm"
                        },
                        "meta": {},
                        "tainted": false
                    },
                    "deposed": [],
                    "provider": "provider.aws"
                },
                "data.template_file.user-init.0": {
                    "type": "template_file",
                    "depends_on": [],
                    "primary": {
                        "id": "f32a101e969d55fd5f888bf7594571a7aab2807390a4b3f2b5618e04c9f313a5",
                        "attributes": {
                            "id": "f32a101e969d55fd5f888bf7594571a7aab2807390a4b3f2b5618e04c9f313a5",
                            "rendered": "#!/bin/bash\nyum install httpd -y\necho \"Subnet for Firewall: 10.123.1.0/24\" \u003e\u003e /var/www/html/index.html\nservice httpd start\nchkconfig httpd on\n",
                            "template": "#!/bin/bash\nyum install httpd -y\necho \"Subnet for Firewall: ${firewall_subnets}\" \u003e\u003e /var/www/html/index.html\nservice httpd start\nchkconfig httpd on\n",
                            "vars.%": "1",
                            "vars.firewall_subnets": "10.123.1.0/24"
                        },
                        "meta": {},
                        "tainted": false
                    },
                    "deposed": [],
                    "provider": "provider.template"
                },
                "data.template_file.user-init.1": {
                    "type": "template_file",
                    "depends_on": [],
                    "primary": {
                        "id": "b64e3d9fa38052792ed657ea82bb98915144473ddba32bd453b6dfac9fa022de",
                        "attributes": {
                            "id": "b64e3d9fa38052792ed657ea82bb98915144473ddba32bd453b6dfac9fa022de",
                            "rendered": "#!/bin/bash\nyum install httpd -y\necho \"Subnet for Firewall: 10.123.2.0/24\" \u003e\u003e /var/www/html/index.html\nservice httpd start\nchkconfig httpd on\n",
                            "template": "#!/bin/bash\nyum install httpd -y\necho \"Subnet for Firewall: ${firewall_subnets}\" \u003e\u003e /var/www/html/index.html\nservice httpd start\nchkconfig httpd on\n",
                            "vars.%": "1",
                            "vars.firewall_subnets": "10.123.2.0/24"
                        },
                        "meta": {},
                        "tainted": false
                    },
                    "deposed": [],
                    "provider": "provider.template"
                }
            },
            "depends_on": []
        },
        {
            "path": [
                "root",
                "networking"
            ],
            "outputs": {
                "public_sg": {
                    "sensitive": false,
                    "type": "string",
                    "value": "sg-092cdd66369678f87"
                },
                "public_subnets": {
                    "sensitive": false,
                    "type": "list",
                    "value": [
                        "subnet-08fd662fdb91bc174",
                        "subnet-00319abd1d464666a"
                    ]
                },
                "subnet_ips": {
                    "sensitive": false,
                    "type": "list",
                    "value": [
                        "10.123.1.0/24",
                        "10.123.2.0/24"
                    ]
                }
            },
            "resources": {
                "aws_default_route_table.tf_private_rt": {
                    "type": "aws_default_route_table",
                    "depends_on": [
                        "aws_vpc.tf_vpc"
                    ],
                    "primary": {
                        "id": "rtb-0bc50e3182bed25b9",
                        "attributes": {
                            "default_route_table_id": "rtb-0bc50e3182bed25b9",
                            "id": "rtb-0bc50e3182bed25b9",
                            "owner_id": "962326829388",
                            "propagating_vgws.#": "0",
                            "route.#": "0",
                            "tags.%": "1",
                            "tags.Name": "tf_private",
                            "vpc_id": "vpc-012457a0dcadac5ba"
                        },
                        "meta": {},
                        "tainted": false
                    },
                    "deposed": [],
                    "provider": "provider.aws"
                },
                "aws_internet_gateway.tf_internet_gateway": {
                    "type": "aws_internet_gateway",
                    "depends_on": [
                        "aws_vpc.tf_vpc"
                    ],
                    "primary": {
                        "id": "igw-037a4fedda34e7876",
                        "attributes": {
                            "arn": "arn:aws:ec2:us-east-1:962326829388:internet-gateway/igw-037a4fedda34e7876",
                            "id": "igw-037a4fedda34e7876",
                            "owner_id": "962326829388",
                            "tags.%": "1",
                            "tags.Name": "tf_igw",
                            "vpc_id": "vpc-012457a0dcadac5ba"
                        },
                        "meta": {},
                        "tainted": false
                    },
                    "deposed": [],
                    "provider": "provider.aws"
                },
                "aws_route_table.tf_public_rt": {
                    "type": "aws_route_table",
                    "depends_on": [
                        "aws_internet_gateway.tf_internet_gateway",
                        "aws_vpc.tf_vpc"
                    ],
                    "primary": {
                        "id": "rtb-0772e425510b5353a",
                        "attributes": {
                            "id": "rtb-0772e425510b5353a",
                            "owner_id": "962326829388",
                            "propagating_vgws.#": "0",
                            "route.#": "1",
                            "route.1679088711.cidr_block": "0.0.0.0/0",
                            "route.1679088711.egress_only_gateway_id": "",
                            "route.1679088711.gateway_id": "igw-037a4fedda34e7876",
                            "route.1679088711.instance_id": "",
                            "route.1679088711.ipv6_cidr_block": "",
                            "route.1679088711.nat_gateway_id": "",
                            "route.1679088711.network_interface_id": "",
                            "route.1679088711.transit_gateway_id": "",
                            "route.1679088711.vpc_peering_connection_id": "",
                            "tags.%": "1",
                            "tags.Name": "tf_public",
                            "vpc_id": "vpc-012457a0dcadac5ba"
                        },
                        "meta": {},
                        "tainted": false
                    },
                    "deposed": [],
                    "provider": "provider.aws"
                },
                "aws_route_table_association.tf_public_assoc.0": {
                    "type": "aws_route_table_association",
                    "depends_on": [
                        "aws_route_table.tf_public_rt",
                        "aws_subnet.tf_public_subnet",
                        "aws_subnet.tf_public_subnet.*"
                    ],
                    "primary": {
                        "id": "rtbassoc-0dc27f50adc6fc358",
                        "attributes": {
                            "id": "rtbassoc-0dc27f50adc6fc358",
                            "route_table_id": "rtb-0772e425510b5353a",
                            "subnet_id": "subnet-08fd662fdb91bc174"
                        },
                        "meta": {},
                        "tainted": false
                    },
                    "deposed": [],
                    "provider": "provider.aws"
                },
                "aws_route_table_association.tf_public_assoc.1": {
                    "type": "aws_route_table_association",
                    "depends_on": [
                        "aws_route_table.tf_public_rt",
                        "aws_subnet.tf_public_subnet",
                        "aws_subnet.tf_public_subnet.*"
                    ],
                    "primary": {
                        "id": "rtbassoc-060e4ce2b9ebbc103",
                        "attributes": {
                            "id": "rtbassoc-060e4ce2b9ebbc103",
                            "route_table_id": "rtb-0772e425510b5353a",
                            "subnet_id": "subnet-00319abd1d464666a"
                        },
                        "meta": {},
                        "tainted": false
                    },
                    "deposed": [],
                    "provider": "provider.aws"
                },
                "aws_security_group.tf_public_sg": {
                    "type": "aws_security_group",
                    "depends_on": [
                        "aws_vpc.tf_vpc"
                    ],
                    "primary": {
                        "id": "sg-092cdd66369678f87",
                        "attributes": {
                            "arn": "arn:aws:ec2:us-east-1:962326829388:security-group/sg-092cdd66369678f87",
                            "description": "Used for access to the public instances",
                            "egress.#": "1",
                            "egress.482069346.cidr_blocks.#": "1",
                            "egress.482069346.cidr_blocks.0": "0.0.0.0/0",
                            "egress.482069346.description": "",
                            "egress.482069346.from_port": "0",
                            "egress.482069346.ipv6_cidr_blocks.#": "0",
                            "egress.482069346.prefix_list_ids.#": "0",
                            "egress.482069346.protocol": "-1",
                            "egress.482069346.security_groups.#": "0",
                            "egress.482069346.self": "false",
                            "egress.482069346.to_port": "0",
                            "id": "sg-092cdd66369678f87",
                            "ingress.#": "2",
                            "ingress.2214680975.cidr_blocks.#": "1",
                            "ingress.2214680975.cidr_blocks.0": "0.0.0.0/0",
                            "ingress.2214680975.description": "",
                            "ingress.2214680975.from_port": "80",
                            "ingress.2214680975.ipv6_cidr_blocks.#": "0",
                            "ingress.2214680975.prefix_list_ids.#": "0",
                            "ingress.2214680975.protocol": "tcp",
                            "ingress.2214680975.security_groups.#": "0",
                            "ingress.2214680975.self": "false",
                            "ingress.2214680975.to_port": "80",
                            "ingress.2541437006.cidr_blocks.#": "1",
                            "ingress.2541437006.cidr_blocks.0": "0.0.0.0/0",
                            "ingress.2541437006.description": "",
                            "ingress.2541437006.from_port": "22",
                            "ingress.2541437006.ipv6_cidr_blocks.#": "0",
                            "ingress.2541437006.prefix_list_ids.#": "0",
                            "ingress.2541437006.protocol": "tcp",
                            "ingress.2541437006.security_groups.#": "0",
                            "ingress.2541437006.self": "false",
                            "ingress.2541437006.to_port": "22",
                            "name": "tf_public_sg",
                            "owner_id": "962326829388",
                            "revoke_rules_on_delete": "false",
                            "tags.%": "0",
                            "vpc_id": "vpc-012457a0dcadac5ba"
                        },
                        "meta": {
                            "e2bfb730-ecaa-11e6-8f88-34363bc7c4c0": {
                                "create": 600000000000,
                                "delete": 600000000000
                            },
                            "schema_version": "1"
                        },
                        "tainted": false
                    },
                    "deposed": [],
                    "provider": "provider.aws"
                },
                "aws_subnet.tf_public_subnet.0": {
                    "type": "aws_subnet",
                    "depends_on": [
                        "aws_vpc.tf_vpc",
                        "data.aws_availability_zones.available"
                    ],
                    "primary": {
                        "id": "subnet-08fd662fdb91bc174",
                        "attributes": {
                            "arn": "arn:aws:ec2:us-east-1:962326829388:subnet/subnet-08fd662fdb91bc174",
                            "assign_ipv6_address_on_creation": "false",
                            "availability_zone": "us-east-1a",
                            "availability_zone_id": "use1-az6",
                            "cidr_block": "10.123.1.0/24",
                            "id": "subnet-08fd662fdb91bc174",
                            "ipv6_cidr_block": "",
                            "ipv6_cidr_block_association_id": "",
                            "map_public_ip_on_launch": "true",
                            "outpost_arn": "",
                            "owner_id": "962326829388",
                            "tags.%": "1",
                            "tags.Name": "tf_public_1",
                            "vpc_id": "vpc-012457a0dcadac5ba"
                        },
                        "meta": {
                            "e2bfb730-ecaa-11e6-8f88-34363bc7c4c0": {
                                "create": 600000000000,
                                "delete": 1200000000000
                            },
                            "schema_version": "1"
                        },
                        "tainted": false
                    },
                    "deposed": [],
                    "provider": "provider.aws"
                },
                "aws_subnet.tf_public_subnet.1": {
                    "type": "aws_subnet",
                    "depends_on": [
                        "aws_vpc.tf_vpc",
                        "data.aws_availability_zones.available"
                    ],
                    "primary": {
                        "id": "subnet-00319abd1d464666a",
                        "attributes": {
                            "arn": "arn:aws:ec2:us-east-1:962326829388:subnet/subnet-00319abd1d464666a",
                            "assign_ipv6_address_on_creation": "false",
                            "availability_zone": "us-east-1b",
                            "availability_zone_id": "use1-az1",
                            "cidr_block": "10.123.2.0/24",
                            "id": "subnet-00319abd1d464666a",
                            "ipv6_cidr_block": "",
                            "ipv6_cidr_block_association_id": "",
                            "map_public_ip_on_launch": "true",
                            "outpost_arn": "",
                            "owner_id": "962326829388",
                            "tags.%": "1",
                            "tags.Name": "tf_public_2",
                            "vpc_id": "vpc-012457a0dcadac5ba"
                        },
                        "meta": {
                            "e2bfb730-ecaa-11e6-8f88-34363bc7c4c0": {
                                "create": 600000000000,
                                "delete": 1200000000000
                            },
                            "schema_version": "1"
                        },
                        "tainted": false
                    },
                    "deposed": [],
                    "provider": "provider.aws"
                },
                "aws_vpc.tf_vpc": {
                    "type": "aws_vpc",
                    "depends_on": [],
                    "primary": {
                        "id": "vpc-012457a0dcadac5ba",
                        "attributes": {
                            "arn": "arn:aws:ec2:us-east-1:962326829388:vpc/vpc-012457a0dcadac5ba",
                            "assign_generated_ipv6_cidr_block": "false",
                            "cidr_block": "10.123.0.0/16",
                            "default_network_acl_id": "acl-0f83c20b83691081b",
                            "default_route_table_id": "rtb-0bc50e3182bed25b9",
                            "default_security_group_id": "sg-08a101b9a9736fd8f",
                            "dhcp_options_id": "dopt-033d5e32b454598d2",
                            "enable_classiclink": "false",
                            "enable_classiclink_dns_support": "false",
                            "enable_dns_hostnames": "true",
                            "enable_dns_support": "true",
                            "id": "vpc-012457a0dcadac5ba",
                            "instance_tenancy": "default",
                            "ipv6_association_id": "",
                            "ipv6_cidr_block": "",
                            "main_route_table_id": "rtb-0bc50e3182bed25b9",
                            "owner_id": "962326829388",
                            "tags.%": "1",
                            "tags.Name": "tf_vpc"
                        },
                        "meta": {
                            "schema_version": "1"
                        },
                        "tainted": false
                    },
                    "deposed": [],
                    "provider": "provider.aws"
                },
                "data.aws_availability_zones.available": {
                    "type": "aws_availability_zones",
                    "depends_on": [],
                    "primary": {
                        "id": "2020-06-30 23:53:54.4324499 +0000 UTC",
                        "attributes": {
                            "group_names.#": "1",
                            "group_names.1602062193": "us-east-1",
                            "id": "2020-06-30 23:53:54.4324499 +0000 UTC",
                            "names.#": "6",
                            "names.0": "us-east-1a",
                            "names.1": "us-east-1b",
                            "names.2": "us-east-1c",
                            "names.3": "us-east-1d",
                            "names.4": "us-east-1e",
                            "names.5": "us-east-1f",
                            "zone_ids.#": "6",
                            "zone_ids.0": "use1-az6",
                            "zone_ids.1": "use1-az1",
                            "zone_ids.2": "use1-az2",
                            "zone_ids.3": "use1-az4",
                            "zone_ids.4": "use1-az3",
                            "zone_ids.5": "use1-az5"
                        },
                        "meta": {},
                        "tainted": false
                    },
                    "deposed": [],
                    "provider": "provider.aws"
                }
            },
            "depends_on": []
        },
        {
            "path": [
                "root",
                "storage"
            ],
            "outputs": {
                "bucketname": {
                    "sensitive": false,
                    "type": "string",
                    "value": "la-terraform-41182"
                }
            },
            "resources": {
                "aws_s3_bucket.tf_code": {
                    "type": "aws_s3_bucket",
                    "depends_on": [
                        "random_id.tf_bucket_id"
                    ],
                    "primary": {
                        "id": "la-terraform-41182",
                        "attributes": {
                            "acceleration_status": "",
                            "acl": "private",
                            "arn": "arn:aws:s3:::la-terraform-41182",
                            "bucket": "la-terraform-41182",
                            "bucket_domain_name": "la-terraform-41182.s3.amazonaws.com",
                            "bucket_regional_domain_name": "la-terraform-41182.s3.amazonaws.com",
                            "cors_rule.#": "0",
                            "force_destroy": "true",
                            "grant.#": "0",
                            "hosted_zone_id": "Z3AQBSTGFYJSTF",
                            "id": "la-terraform-41182",
                            "lifecycle_rule.#": "0",
                            "logging.#": "0",
                            "object_lock_configuration.#": "0",
                            "region": "us-east-1",
                            "replication_configuration.#": "0",
                            "request_payer": "BucketOwner",
                            "server_side_encryption_configuration.#": "0",
                            "tags.%": "1",
                            "tags.Name": "tf_bucket",
                            "versioning.#": "1",
                            "versioning.0.enabled": "false",
                            "versioning.0.mfa_delete": "false",
                            "website.#": "0"
                        },
                        "meta": {},
                        "tainted": false
                    },
                    "deposed": [],
                    "provider": "provider.aws"
                },
                "random_id.tf_bucket_id": {
                    "type": "random_id",
                    "depends_on": [],
                    "primary": {
                        "id": "oN4",
                        "attributes": {
                            "b64": "oN4",
                            "b64_std": "oN4=",
                            "b64_url": "oN4",
                            "byte_length": "2",
                            "dec": "41182",
                            "hex": "a0de",
                            "id": "oN4"
                        },
                        "meta": {},
                        "tainted": false
                    },
                    "deposed": [],
                    "provider": "provider.random"
                }
            },
            "depends_on": []
        }
    ]
}
