{
    "version": 3,
    "terraform_version": "0.11.13",
    "serial": 2,
    "lineage": "0115ce1c-3f0d-d475-d91d-919cacc698fa",
    "modules": [
        {
            "path": [
                "root"
            ],
            "outputs": {},
            "resources": {},
            "depends_on": []
        },
        {
            "path": [
                "root",
                "storage"
            ],
            "outputs": {},
            "resources": {
                "random_id.tf_bucket_id": {
                    "type": "random_id",
                    "depends_on": [],
                    "primary": {
                        "id": "Gg8",
                        "attributes": {
                            "b64": "Gg8",
                            "b64_std": "Gg8=",
                            "b64_url": "Gg8",
                            "byte_length": "2",
                            "dec": "6671",
                            "hex": "1a0f",
                            "id": "Gg8"
                        },
                        "meta": {},
                        "tainted": false
                    },
                    "deposed": [],
                    "provider": "provider.random"
                }
            },
            "depends_on": []
        }
    ]
}
