{
    "version": 3,
    "terraform_version": "0.11.13",
    "serial": 2,
    "lineage": "7096b522-2189-cb7f-78fd-a7afabe28caf",
    "modules": [
        {
            "path": [
                "root"
            ],
            "outputs": {},
            "resources": {
                "aws_key_pair.tf_auth": {
                    "type": "aws_key_pair",
                    "depends_on": [],
                    "primary": {
                        "id": "tfvar",
                        "attributes": {
                            "arn": "arn:aws:ec2:us-east-1:749211935990:key-pair/tfvar",
                            "fingerprint": "cb:2f:75:62:02:a2:2e:48:7e:2e:a9:9b:38:41:6e:e4",
                            "id": "tfvar",
                            "key_name": "tfvar",
                            "key_pair_id": "key-0217633381de44247",
                            "public_key": "ssh-rsa AAAAB3NzaC1yc2EAAAADAQABAAABAQCrb//GWyglwBR7UqBKlbh0iM0TGZk1fOFEWNdLqTtYy9Jf3jK+X8Dwe274BDwPlGVYFzDp3YIdSNYo1FAGF2Ujmwt7zORyf/EULtAXunTe0lCO85bRR+VWDKKRxuLDFCc8HdUiZEM2FSEE9jcqMe1hArtsFNd94hGOX5ypoeAvsalK9F8LoalVwWWrTnbmKPjM6eRsnS5lgHIQSlFbK+pwxa+8b8r6jKjmvi4z0dJJMThmY4xaZXkOaS3sfuHOLFg0C0Yn9J32oRupajIgySqWwSgVSX+YuxSU0XTUvySVopA8Dq/EopQl8J8PgzrWwmXSe0T71EYmsOdJBzLAwGjx root@terraform",
                            "tags.%": "0"
                        },
                        "meta": {
                            "schema_version": "1"
                        },
                        "tainted": false
                    },
                    "deposed": [],
                    "provider": "provider.aws"
                },
                "data.aws_ami.server_ami": {
                    "type": "aws_ami",
                    "depends_on": [],
                    "primary": {
                        "id": "ami-0e9089763828757e1",
                        "attributes": {
                            "architecture": "x86_64",
                            "arn": "arn:aws:ec2:us-east-1::image/ami-0e9089763828757e1",
                            "block_device_mappings.#": "1",
                            "block_device_mappings.340275815.device_name": "/dev/xvda",
                            "block_device_mappings.340275815.ebs.%": "6",
                            "block_device_mappings.340275815.ebs.delete_on_termination": "true",
                            "block_device_mappings.340275815.ebs.encrypted": "false",
                            "block_device_mappings.340275815.ebs.iops": "0",
                            "block_device_mappings.340275815.ebs.snapshot_id": "snap-057747b7c71b91aa8",
                            "block_device_mappings.340275815.ebs.volume_size": "8",
                            "block_device_mappings.340275815.ebs.volume_type": "gp2",
                            "block_device_mappings.340275815.no_device": "",
                            "block_device_mappings.340275815.virtual_name": "",
                            "creation_date": "2020-06-16T06:29:09.000Z",
                            "description": "Amazon Linux AMI 2018.03.0.20200602.1 x86_64 HVM gp2",
                            "filter.#": "1",
                            "filter.2898439165.name": "name",
                            "filter.2898439165.values.#": "1",
                            "filter.2898439165.values.0": "amzn-ami-hvm*-x86_64-gp2",
                            "hypervisor": "xen",
                            "id": "ami-0e9089763828757e1",
                            "image_id": "ami-0e9089763828757e1",
                            "image_location": "amazon/amzn-ami-hvm-2018.03.0.20200602.1-x86_64-gp2",
                            "image_owner_alias": "amazon",
                            "image_type": "machine",
                            "most_recent": "true",
                            "name": "amzn-ami-hvm-2018.03.0.20200602.1-x86_64-gp2",
                            "owner_id": "137112412989",
                            "owners.#": "1",
                            "owners.0": "amazon",
                            "product_codes.#": "0",
                            "public": "true",
                            "root_device_name": "/dev/xvda",
                            "root_device_type": "ebs",
                            "root_snapshot_id": "snap-057747b7c71b91aa8",
                            "sriov_net_support": "simple",
                            "state": "available",
                            "state_reason.%": "2",
                            "state_reason.code": "UNSET",
                            "state_reason.message": "UNSET",
                            "tags.%": "0",
                            "virtualization_type": "hvm"
                        },
                        "meta": {},
                        "tainted": false
                    },
                    "deposed": [],
                    "provider": "provider.aws"
                }
            },
            "depends_on": []
        }
    ]
}
